{
  "name": "xhoard",
  "version": "1.0.2",
  "lockfileVersion": 3,
  "requires": true,
  "packages": {
    "": {
      "name": "xhoard",
      "version": "1.0.2",
      "license": "MIT",
      "dependencies": {
        "@opencode-ai/sdk": "^1.2.21",
        "dayjs": "^1.11.10"
      },
      "bin": {
        "xhoard": "src/cli.js"
      },
      "devDependencies": {},
      "engines": {
        "bun": ">=1.0.0",
        "node": ">=20"
      }
    },
    "node_modules/@opencode-ai/sdk": {
      "version": "1.2.21",
      "resolved": "https://registry.npmjs.org/@opencode-ai/sdk/-/sdk-1.2.21.tgz",
      "integrity": "sha512-7XF7QlXDP5iAbGcAsxsrmKlIjRtSzKgbwuDHPPuZbILkhGOfCo05XwPidAZrVWucZ/re44oc/psw2zDECaZOpQ==",
      "license": "MIT"
    },
    "node_modules/dayjs": {
      "version": "1.11.19",
      "resolved": "https://registry.npmjs.org/dayjs/-/dayjs-1.11.19.tgz",
      "integrity": "sha512-t5EcLVS6QPBNqM2z8fakk/NKel+Xzshgt8FFKAn+qwlD1pzZWxh0nVCrvFK7ZDb6XucZeF9z8C7CBWTRIVApAw==",
      "license": "MIT"
    }
  }
}
